
Microsoft Visual Studio Solution File, Format Version 12.00
# Visual Studio Version 16
VisualStudioVersion = 16.0.31424.327
MinimumVisualStudioVersion = 10.0.40219.1
Project("{FAE04EC0-301F-11D3-BF4B-00C04F79EFBC}") = "DotNetAdvaenced.Ariel.Hw.Validation", "DotNetAdvaenced.Ariel.Hw.Validation\DotNetAdvaenced.Ariel.Hw.Validation.csproj", "{0A28F506-231E-4022-8BC1-D19BE606DC6C}"
EndProject
Global
	GlobalSection(SolutionConfigurationPlatforms) = preSolution
		Debug|Any CPU = Debug|Any CPU
		Release|Any CPU = Release|Any CPU
	EndGlobalSection
	GlobalSection(ProjectConfigurationPlatforms) = postSolution
		{0A28F506-231E-4022-8BC1-D19BE606DC6C}.Debug|Any CPU.ActiveCfg = Debug|Any CPU
		{0A28F506-231E-4022-8BC1-D19BE606DC6C}.Debug|Any CPU.Build.0 = Debug|Any CPU
		{0A28F506-231E-4022-8BC1-D19BE606DC6C}.Release|Any CPU.ActiveCfg = Release|Any CPU
		{0A28F506-231E-4022-8BC1-D19BE606DC6C}.Release|Any CPU.Build.0 = Release|Any CPU
	EndGlobalSection
	GlobalSection(SolutionProperties) = preSolution
		HideSolutionNode = FALSE
	EndGlobalSection
	GlobalSection(ExtensibilityGlobals) = postSolution
		SolutionGuid = {47679C64-EFC4-4EBF-8A86-B75D3B6FD0BA}
	EndGlobalSection
EndGlobal
